
Microsoft Visual Studio Solution File, Format Version 12.00
# Visual Studio 15
VisualStudioVersion = 15.0.27703.2042
MinimumVisualStudioVersion = 10.0.40219.1
Project("{FAE04EC0-301F-11D3-BF4B-00C04F79EFBC}") = "practca 1(01)", "practca 1(01)\practca 1(01).csproj", "{F8B12BBF-8FAE-40B3-9AB5-BAC84D885275}"
EndProject
Global
	GlobalSection(SolutionConfigurationPlatforms) = preSolution
		Debug|Any CPU = Debug|Any CPU
		Release|Any CPU = Release|Any CPU
	EndGlobalSection
	GlobalSection(ProjectConfigurationPlatforms) = postSolution
		{F8B12BBF-8FAE-40B3-9AB5-BAC84D885275}.Debug|Any CPU.ActiveCfg = Debug|Any CPU
		{F8B12BBF-8FAE-40B3-9AB5-BAC84D885275}.Debug|Any CPU.Build.0 = Debug|Any CPU
		{F8B12BBF-8FAE-40B3-9AB5-BAC84D885275}.Release|Any CPU.ActiveCfg = Release|Any CPU
		{F8B12BBF-8FAE-40B3-9AB5-BAC84D885275}.Release|Any CPU.Build.0 = Release|Any CPU
	EndGlobalSection
	GlobalSection(SolutionProperties) = preSolution
		HideSolutionNode = FALSE
	EndGlobalSection
	GlobalSection(ExtensibilityGlobals) = postSolution
		SolutionGuid = {F983E20F-AC9B-48E7-853D-761490358AFC}
	EndGlobalSection
EndGlobal
